
Microsoft Visual Studio Solution File, Format Version 12.00
# Visual Studio Version 16
VisualStudioVersion = 16.0.28803.202
MinimumVisualStudioVersion = 10.0.40219.1
Project("{2150E333-8FDC-42A3-9474-1A3956D46DE8}") = "img", "img", "{FC46E49F-EA83-4D89-9412-B8B4AFF6DFA2}"
	ProjectSection(SolutionItems) = preProject
		img\1.default.PNG = img\1.default.PNG
		img\10.CustomOptions.PNG = img\10.CustomOptions.PNG
		img\11.Using Icons.PNG = img\11.Using Icons.PNG
		img\2. minimal.PNG = img\2. minimal.PNG
		img\3.minimalpagecount.PNG = img\3.minimalpagecount.PNG
		img\4.minimalwithentries.PNG = img\4.minimalwithentries.PNG
		img\5.classic.PNG = img\5.classic.PNG
		img\6.classiclastfirst.PNG = img\6.classiclastfirst.PNG
		img\7.custompagenumbers.PNG = img\7.custompagenumbers.PNG
		img\8.CustomPageText.PNG = img\8.CustomPageText.PNG
		img\9.CustomWording.PNG = img\9.CustomWording.PNG
		icon.png = icon.png
	EndProjectSection
EndProject
Project("{2150E333-8FDC-42A3-9474-1A3956D46DE8}") = "src", "src", "{0C26CF2C-285D-415F-8580-F2482348DA98}"
EndProject
Project("{9A19103F-16F7-4668-BE54-9A1E7A4F7556}") = "P.Pager", "src\P.Pager\P.Pager.csproj", "{55F4EBD0-2B01-4638-804F-199A8F47B576}"
EndProject
Project("{9A19103F-16F7-4668-BE54-9A1E7A4F7556}") = "P.Pager.Mvc", "src\P.Pager.Mvc\P.Pager.Mvc.csproj", "{029EB809-7D7F-4595-8050-212DD40250BD}"
EndProject
Project("{9A19103F-16F7-4668-BE54-9A1E7A4F7556}") = "P.Pager.Mvc.Core", "src\P.Pager.Mvc.Core\P.Pager.Mvc.Core.csproj", "{63DB3CE2-FFFB-43F0-80AC-D541A57A6C84}"
EndProject
Project("{2150E333-8FDC-42A3-9474-1A3956D46DE8}") = "examples", "examples", "{C0E122E3-E1FB-4ED3-9D3A-5CB7F33665EC}"
EndProject
Project("{2150E333-8FDC-42A3-9474-1A3956D46DE8}") = "docs", "docs", "{5D43738A-D974-481B-89C3-EA72DAC0CAB0}"
	ProjectSection(SolutionItems) = preProject
		docs\version-history.md = docs\version-history.md
	EndProjectSection
EndProject
Project("{2150E333-8FDC-42A3-9474-1A3956D46DE8}") = "tests", "tests", "{41CFEDB0-B6D9-443D-BCFE-2BB72744806F}"
EndProject
Project("{9A19103F-16F7-4668-BE54-9A1E7A4F7556}") = "P.Pager.Tests", "tests\P.Pager.Tests\P.Pager.Tests.csproj", "{368F744D-41BE-45EB-B727-A08D886F8D5C}"
EndProject
Project("{9A19103F-16F7-4668-BE54-9A1E7A4F7556}") = "P.Pager.Mvc.Core.Example", "examples\P.Pager.Mvc.Core.Example\P.Pager.Mvc.Core.Example.csproj", "{ED2E7897-A45B-4280-9432-B4724CDAC2AD}"
EndProject
Project("{FAE04EC0-301F-11D3-BF4B-00C04F79EFBC}") = "P.Pager.Mvc.Example", "examples\P.Pager.Mvc.Example\P.Pager.Mvc.Example.csproj", "{0CE87A40-BEEE-43A5-9AF4-E0852C6EADFB}"
EndProject
Project("{FAE04EC0-301F-11D3-BF4B-00C04F79EFBC}") = "P.Pager.Mvc.Core3.Example", "P.Pager.Mvc.Core3.Example\P.Pager.Mvc.Core3.Example.csproj", "{62D8DE61-7B66-45ED-BC24-EF9454D01F6E}"
EndProject
Global
	GlobalSection(SolutionConfigurationPlatforms) = preSolution
		Debug|Any CPU = Debug|Any CPU
		Release|Any CPU = Release|Any CPU
	EndGlobalSection
	GlobalSection(ProjectConfigurationPlatforms) = postSolution
		{55F4EBD0-2B01-4638-804F-199A8F47B576}.Debug|Any CPU.ActiveCfg = Debug|Any CPU
		{55F4EBD0-2B01-4638-804F-199A8F47B576}.Debug|Any CPU.Build.0 = Debug|Any CPU
		{55F4EBD0-2B01-4638-804F-199A8F47B576}.Release|Any CPU.ActiveCfg = Release|Any CPU
		{55F4EBD0-2B01-4638-804F-199A8F47B576}.Release|Any CPU.Build.0 = Release|Any CPU
		{029EB809-7D7F-4595-8050-212DD40250BD}.Debug|Any CPU.ActiveCfg = Debug|Any CPU
		{029EB809-7D7F-4595-8050-212DD40250BD}.Debug|Any CPU.Build.0 = Debug|Any CPU
		{029EB809-7D7F-4595-8050-212DD40250BD}.Release|Any CPU.ActiveCfg = Release|Any CPU
		{029EB809-7D7F-4595-8050-212DD40250BD}.Release|Any CPU.Build.0 = Release|Any CPU
		{63DB3CE2-FFFB-43F0-80AC-D541A57A6C84}.Debug|Any CPU.ActiveCfg = Debug|Any CPU
		{63DB3CE2-FFFB-43F0-80AC-D541A57A6C84}.Debug|Any CPU.Build.0 = Debug|Any CPU
		{63DB3CE2-FFFB-43F0-80AC-D541A57A6C84}.Release|Any CPU.ActiveCfg = Release|Any CPU
		{63DB3CE2-FFFB-43F0-80AC-D541A57A6C84}.Release|Any CPU.Build.0 = Release|Any CPU
		{368F744D-41BE-45EB-B727-A08D886F8D5C}.Debug|Any CPU.ActiveCfg = Debug|Any CPU
		{368F744D-41BE-45EB-B727-A08D886F8D5C}.Debug|Any CPU.Build.0 = Debug|Any CPU
		{368F744D-41BE-45EB-B727-A08D886F8D5C}.Release|Any CPU.ActiveCfg = Release|Any CPU
		{368F744D-41BE-45EB-B727-A08D886F8D5C}.Release|Any CPU.Build.0 = Release|Any CPU
		{ED2E7897-A45B-4280-9432-B4724CDAC2AD}.Debug|Any CPU.ActiveCfg = Debug|Any CPU
		{ED2E7897-A45B-4280-9432-B4724CDAC2AD}.Debug|Any CPU.Build.0 = Debug|Any CPU
		{ED2E7897-A45B-4280-9432-B4724CDAC2AD}.Release|Any CPU.ActiveCfg = Release|Any CPU
		{ED2E7897-A45B-4280-9432-B4724CDAC2AD}.Release|Any CPU.Build.0 = Release|Any CPU
		{0CE87A40-BEEE-43A5-9AF4-E0852C6EADFB}.Debug|Any CPU.ActiveCfg = Debug|Any CPU
		{0CE87A40-BEEE-43A5-9AF4-E0852C6EADFB}.Debug|Any CPU.Build.0 = Debug|Any CPU
		{0CE87A40-BEEE-43A5-9AF4-E0852C6EADFB}.Release|Any CPU.ActiveCfg = Release|Any CPU
		{0CE87A40-BEEE-43A5-9AF4-E0852C6EADFB}.Release|Any CPU.Build.0 = Release|Any CPU
		{62D8DE61-7B66-45ED-BC24-EF9454D01F6E}.Debug|Any CPU.ActiveCfg = Debug|Any CPU
		{62D8DE61-7B66-45ED-BC24-EF9454D01F6E}.Debug|Any CPU.Build.0 = Debug|Any CPU
		{62D8DE61-7B66-45ED-BC24-EF9454D01F6E}.Release|Any CPU.ActiveCfg = Release|Any CPU
		{62D8DE61-7B66-45ED-BC24-EF9454D01F6E}.Release|Any CPU.Build.0 = Release|Any CPU
	EndGlobalSection
	GlobalSection(SolutionProperties) = preSolution
		HideSolutionNode = FALSE
	EndGlobalSection
	GlobalSection(NestedProjects) = preSolution
		{55F4EBD0-2B01-4638-804F-199A8F47B576} = {0C26CF2C-285D-415F-8580-F2482348DA98}
		{029EB809-7D7F-4595-8050-212DD40250BD} = {0C26CF2C-285D-415F-8580-F2482348DA98}
		{63DB3CE2-FFFB-43F0-80AC-D541A57A6C84} = {0C26CF2C-285D-415F-8580-F2482348DA98}
		{368F744D-41BE-45EB-B727-A08D886F8D5C} = {41CFEDB0-B6D9-443D-BCFE-2BB72744806F}
		{ED2E7897-A45B-4280-9432-B4724CDAC2AD} = {C0E122E3-E1FB-4ED3-9D3A-5CB7F33665EC}
		{0CE87A40-BEEE-43A5-9AF4-E0852C6EADFB} = {C0E122E3-E1FB-4ED3-9D3A-5CB7F33665EC}
		{62D8DE61-7B66-45ED-BC24-EF9454D01F6E} = {C0E122E3-E1FB-4ED3-9D3A-5CB7F33665EC}
	EndGlobalSection
	GlobalSection(ExtensibilityGlobals) = postSolution
		SolutionGuid = {A81E0661-748F-4607-BC7A-846359D5902F}
	EndGlobalSection
EndGlobal
